version = 1
revision = 3
requires-python = ">=3.9, <4"

[[package]]
name = "jalali-core"
version = "1.0.0"
source = { registry = "https://pypi.org/simple" }
sdist = { url = "https://files.pythonhosted.org/packages/2b/3c/21e32e3444c572174a5d774643eb2aa8ab60ef68b99a4c3585a0a11428b4/jalali_core-1.0.0.tar.gz", hash = "sha256:f4287c70c630323dcf0a3ab26df905ba4d451e230ac1f65b3bb2f77797894a2b", size = 2752, upload-time = "2024-03-25T09:36:14.934Z" }
wheels = [
    { url = "https://files.pythonhosted.org/packages/f6/20/a4e942f9685df720a106da292e29a53212b27903749cc563b86b612b113e/jalali_core-1.0.0-py3-none-any.whl", hash = "sha256:84e6f5090eadfb35234f24fad084be831d00da3c0b238ee001e8a1fd49bf7924", size = 3616, upload-time = "2024-03-25T09:36:13.133Z" },
]

[[package]]
name = "jalali-pandas"
version = "0.2.2"
source = { editable = "." }
dependencies = [
    { name = "jdatetime" },
]

[package.metadata]
requires-dist = [{ name = "jdatetime", specifier = ">=3.8.2" }]

[[package]]
name = "jdatetime"
version = "5.2.0"
source = { registry = "https://pypi.org/simple" }
dependencies = [
    { name = "jalali-core" },
]
sdist = { url = "https://files.pythonhosted.org/packages/6e/9d/5ed59c36f3cbc68c01fab6442e6efb6d35a484ba4eec4f790264fce39f6c/jdatetime-5.2.0.tar.gz", hash = "sha256:c81d5898717b82b609a3ce2a73f8b8d3230b0c757e5c0de9d6b1acfdc224f551", size = 21663, upload-time = "2025-01-26T09:29:16.802Z" }
wheels = [
    { url = "https://files.pythonhosted.org/packages/16/39/0dd2676d08468692606645db5ea40091290dc20747ff59636c21c0567d3c/jdatetime-5.2.0-py3-none-any.whl", hash = "sha256:d4aa73543e4e6c0e6122b58743773168edee5efe5c5acf05d1dc8c90524ca71c", size = 12199, upload-time = "2025-01-26T09:29:15.038Z" },
]
